
Microsoft Visual Studio Solution File, Format Version 12.00
# Visual Studio 15
VisualStudioVersion = 15.0.28307.168
MinimumVisualStudioVersion = 10.0.40219.1
Project("{FAE04EC0-301F-11D3-BF4B-00C04F79EFBC}") = "RentalCarSystem.DataAccessLayer", "RentalCarSystem.DataAccessLayer\RentalCarSystem.DataAccessLayer.csproj", "{1D27AF58-FCF7-4883-BF46-796232715D52}"
EndProject
Project("{FAE04EC0-301F-11D3-BF4B-00C04F79EFBC}") = "RentalCarSystem.Models", "RentalCarSystem.Models\RentalCarSystem.Models.csproj", "{60AFB649-ED64-4F70-9033-6A0FA993968A}"
EndProject
Project("{FAE04EC0-301F-11D3-BF4B-00C04F79EFBC}") = "RentalCarSystem.BusinessLogic", "RentalCarSystem.BusinessLogic\RentalCarSystem.BusinessLogic.csproj", "{75644AD7-FC39-444C-BE2A-EE9459F282E8}"
EndProject
Global
	GlobalSection(SolutionConfigurationPlatforms) = preSolution
		Debug|Any CPU = Debug|Any CPU
		Release|Any CPU = Release|Any CPU
	EndGlobalSection
	GlobalSection(ProjectConfigurationPlatforms) = postSolution
		{1D27AF58-FCF7-4883-BF46-796232715D52}.Debug|Any CPU.ActiveCfg = Debug|Any CPU
		{1D27AF58-FCF7-4883-BF46-796232715D52}.Debug|Any CPU.Build.0 = Debug|Any CPU
		{1D27AF58-FCF7-4883-BF46-796232715D52}.Release|Any CPU.ActiveCfg = Release|Any CPU
		{1D27AF58-FCF7-4883-BF46-796232715D52}.Release|Any CPU.Build.0 = Release|Any CPU
		{60AFB649-ED64-4F70-9033-6A0FA993968A}.Debug|Any CPU.ActiveCfg = Debug|Any CPU
		{60AFB649-ED64-4F70-9033-6A0FA993968A}.Debug|Any CPU.Build.0 = Debug|Any CPU
		{60AFB649-ED64-4F70-9033-6A0FA993968A}.Release|Any CPU.ActiveCfg = Release|Any CPU
		{60AFB649-ED64-4F70-9033-6A0FA993968A}.Release|Any CPU.Build.0 = Release|Any CPU
		{75644AD7-FC39-444C-BE2A-EE9459F282E8}.Debug|Any CPU.ActiveCfg = Debug|Any CPU
		{75644AD7-FC39-444C-BE2A-EE9459F282E8}.Debug|Any CPU.Build.0 = Debug|Any CPU
		{75644AD7-FC39-444C-BE2A-EE9459F282E8}.Release|Any CPU.ActiveCfg = Release|Any CPU
		{75644AD7-FC39-444C-BE2A-EE9459F282E8}.Release|Any CPU.Build.0 = Release|Any CPU
	EndGlobalSection
	GlobalSection(SolutionProperties) = preSolution
		HideSolutionNode = FALSE
	EndGlobalSection
	GlobalSection(ExtensibilityGlobals) = postSolution
		SolutionGuid = {8983D4EC-03B1-4230-A95A-71F0916B5C8F}
	EndGlobalSection
EndGlobal
